{
  "object": {
    "pins": [
      {
        "package": "JsonRPC",
        "repositoryURL": "https://github.com/tesseract-one/JsonRPC.swift.git",
        "state": {
          "branch": "main",
          "revision": "c052422edeec7767ad41a7c8b154f60f05de75b3",
          "version": null
        }
      },
      {
        "package": "PromiseKit",
        "repositoryURL": "https://github.com/mxcl/PromiseKit.git",
        "state": {
          "branch": null,
          "revision": "c946b7561fbe11379a874e59faa2c5f8077ae0e1",
          "version": "6.17.1"
        }
      },
      {
        "package": "Serde",
        "repositoryURL": "https://github.com/starcoin-sdk/Serde.swift",
        "state": {
          "branch": "main",
          "revision": "f4fc4a94200dc8e4cecef25587b4090346c67e1f",
          "version": null
        }
      },
      {
        "package": "Serializable",
        "repositoryURL": "https://github.com/tesseract-one/Serializable.swift.git",
        "state": {
          "branch": null,
          "revision": "c87eeea3f1c8b2d71b33f6ff83076430c6126e0b",
          "version": "0.2.3"
        }
      },
      {
        "package": "StarcoinTypes",
        "repositoryURL": "https://github.com/starcoin-sdk/StarcoinTypes.swift.git",
        "state": {
          "branch": "master",
          "revision": "779c85966e95ceef2475a6072b5180f64c51c56a",
          "version": null
        }
      },
      {
        "package": "swift-nio",
        "repositoryURL": "https://github.com/apple/swift-nio.git",
        "state": {
          "branch": null,
          "revision": "124119f0bb12384cef35aa041d7c3a686108722d",
          "version": "2.40.0"
        }
      },
      {
        "package": "swift-nio-ssl",
        "repositoryURL": "https://github.com/apple/swift-nio-ssl.git",
        "state": {
          "branch": null,
          "revision": "1750873bce84b4129b5303655cce2c3d35b9ed3a",
          "version": "2.19.0"
        }
      },
      {
        "package": "WebSocket",
        "repositoryURL": "https://github.com/tesseract-one/WebSocket.swift.git",
        "state": {
          "branch": null,
          "revision": "9f616c35127c83651d3112f8bdb41284d3c5c213",
          "version": "0.2.0"
        }
      }
    ]
  },
  "version": 1
}
